PODS:
  - Alamofire (5.2.2)
  - BigInt (3.1.0):
    - SipHash (~> 1.2)
  - BulletinBoard (4.1.2)
  - CITA (0.24.1):
    - BigInt (~> 3.1)
    - CryptoSwift (~> 1.0.0)
    - PromiseKit (~> 6.8.4)
    - secp256k1.swift (~> 0.1.4)
    - SwiftProtobuf (~> 1.2.0)
  - CryptoSwift (1.0.0)
  - EFQRCode (5.1.8):
    - EFQRCode/Core (= 5.1.8)
  - EFQRCode/Core (5.1.8)
  - IQKeyboardManagerSwift (6.5.6)
  - PromiseKit (6.8.5):
    - PromiseKit/CorePromise (= 6.8.5)
    - PromiseKit/Foundation (= 6.8.5)
    - PromiseKit/UIKit (= 6.8.5)
  - PromiseKit/CorePromise (6.8.5)
  - PromiseKit/Foundation (6.8.5):
    - PromiseKit/CorePromise
  - PromiseKit/UIKit (6.8.5):
    - PromiseKit/CorePromise
  - QRCodeReader.swift (10.1.0)
  - Realm (3.20.0):
    - Realm/Headers (= 3.20.0)
  - Realm/Headers (3.20.0)
  - RealmSwift (3.20.0):
    - Realm (= 3.20.0)
  - RSKPlaceholderTextView (4.0.0)
  - SDWebImage (5.9.3):
    - SDWebImage/Core (= 5.9.3)
  - SDWebImage/Core (5.9.3)
  - secp256k1.c (0.1.2)
  - secp256k1.swift (0.1.4)
  - SipHash (1.2.2)
  - Starscream (3.1.1)
  - SwiftProtobuf (1.2.0)
  - Toast-Swift (5.0.1)
  - web3.swift.pod (2.2.0):
    - BigInt (~> 3.1)
    - CryptoSwift (~> 1.0.0)
    - PromiseKit (~> 6.8.4)
    - secp256k1.c (~> 0.1)
    - Starscream (~> 3.1.0)

DEPENDENCIES:
  - Alamofire
  - BulletinBoard
  - CITA (from `https://github.com/cryptape/cita-sdk-swift`, tag `v0.25.1`)
  - EFQRCode
  - IQKeyboardManagerSwift
  - QRCodeReader.swift
  - RealmSwift (~> 3.20.0)
  - RSKPlaceholderTextView (~> 4.0.0)
  - SDWebImage
  - Toast-Swift
  - web3.swift.pod (~> 2.2.0)

SPEC REPOS:
  https://github.com/CocoaPods/Specs.git:
    - Alamofire
    - BigInt
    - BulletinBoard
    - CryptoSwift
    - EFQRCode
    - IQKeyboardManagerSwift
    - PromiseKit
    - QRCodeReader.swift
    - Realm
    - RealmSwift
    - RSKPlaceholderTextView
    - SDWebImage
    - secp256k1.c
    - secp256k1.swift
    - SipHash
    - Starscream
    - SwiftProtobuf
    - Toast-Swift
    - web3.swift.pod

EXTERNAL SOURCES:
  CITA:
    :git: https://github.com/cryptape/cita-sdk-swift
    :tag: v0.25.1

CHECKOUT OPTIONS:
  CITA:
    :git: https://github.com/cryptape/cita-sdk-swift
    :tag: v0.25.1

SPEC CHECKSUMS:
  Alamofire: 814429acc853c6c54ff123fc3d2ef66803823ce0
  BigInt: 76b5dfdfa3e2e478d4ffdf161aeede5502e2742f
  BulletinBoard: 1c0cb191b6c6245d08f51bd2445f1e36414ec0ed
  CITA: 8c95b6a0e678d8603f216e5b59c11bcbffdb8062
  CryptoSwift: d81eeaa59dc5a8d03720fe919a6fd07b51f7439f
  EFQRCode: de5eb598ca2e51bb25013d9ce484acc3152ce187
  IQKeyboardManagerSwift: c7df9d2deb356c04522f5c4b7b6e4ce4d8ed94fe
  PromiseKit: 9616b0afef31eae56ab9ce044c8ec2b8612a15cd
  QRCodeReader.swift: 373a389fe9a22d513c879a32a6f647c58f4ef572
  Realm: 8b2ca5bc6479a91f379b6b42b5922e396cd5ba5a
  RealmSwift: 1949ef26a279e1845bd51d591b9103adfcd121df
  RSKPlaceholderTextView: 15f1dc1883e103ea605874b863f19ff6b08496d5
  SDWebImage: a31ee8e90a97303529e03fb0c333eae0eacb88e9
  secp256k1.c: db47b726585d80f027423682eb369729e61b3b20
  secp256k1.swift: a7e7a214f6db6ce5db32cc6b2b45e5c4dd633634
  SipHash: fad90a4683e420c52ef28063063dbbce248ea6d4
  Starscream: 4bb2f9942274833f7b4d296a55504dcfc7edb7b0
  SwiftProtobuf: 91a9856079044ef4ec762b2344c763cd9e5a73c1
  Toast-Swift: 9b6a70f28b3bf0b96c40d46c0c4b9d6639846711
  web3.swift.pod: 54e02dfe2807ed2cb04c85575713500e6f440822

PODFILE CHECKSUM: a7f985927525d3ea6e2eba348688a3aaf6394853

COCOAPODS: 1.9.3
